{
  "name": "typescript-node-project-template",
  "version": "1.0.0",
  "lockfileVersion": 1,
  "requires": true,
  "dependencies": {
    "@dagrejs/graphlib": {
      "version": "2.1.4",
      "resolved": "https://registry.npmjs.org/@dagrejs/graphlib/-/graphlib-2.1.4.tgz",
      "integrity": "sha512-QCg9sL4uhjn468FDEsb/S9hS2xUZSrv/+dApb1Ze5VKO96pTXKNJZ6MGhIpgWkc1TVhbVGH9/7rq/Mf8/jWicw==",
      "requires": {
        "lodash": "^4.11.1"
      }
    },
    "@ethersproject/abi": {
      "version": "5.3.0",
      "resolved": "https://registry.npmjs.org/@ethersproject/abi/-/abi-5.3.0.tgz",
      "integrity": "sha512-NaT4UacjOwca8qCG/gv8k+DgTcWu49xlrvdhr/p8PTFnoS8e3aMWqjI3znFME5Txa/QWXDrg2/heufIUue9rtw==",
      "requires": {
        "@ethersproject/address": "^5.3.0",
        "@ethersproject/bignumber": "^5.3.0",
        "@ethersproject/bytes": "^5.3.0",
        "@ethersproject/constants": "^5.3.0",
        "@ethersproject/hash": "^5.3.0",
        "@ethersproject/keccak256": "^5.3.0",
        "@ethersproject/logger": "^5.3.0",
        "@ethersproject/properties": "^5.3.0",
        "@ethersproject/strings": "^5.3.0"
      }
    },
    "@ethersproject/abstract-provider": {
      "version": "5.3.0",
      "resolved": "https://registry.npmjs.org/@ethersproject/abstract-provider/-/abstract-provider-5.3.0.tgz",
      "integrity": "sha512-1+MLhGP1GwxBDBNwMWVmhCsvKwh4gK7oIfOrmlmePNeskg1NhIrYssraJBieaFNHUYfKEd/1DjiVZMw8Qu5Cxw==",
      "requires": {
        "@ethersproject/bignumber": "^5.3.0",
        "@ethersproject/bytes": "^5.3.0",
        "@ethersproject/logger": "^5.3.0",
        "@ethersproject/networks": "^5.3.0",
        "@ethersproject/properties": "^5.3.0",
        "@ethersproject/transactions": "^5.3.0",
        "@ethersproject/web": "^5.3.0"
      }
    },
    "@ethersproject/abstract-signer": {
      "version": "5.3.0",
      "resolved": "https://registry.npmjs.org/@ethersproject/abstract-signer/-/abstract-signer-5.3.0.tgz",
      "integrity": "sha512-w8IFwOYqiPrtvosPuArZ3+QPR2nmdVTRrVY8uJYL3NNfMmQfTy3V3l2wbzX47UUlNbPJY+gKvzJAyvK1onZxJg==",
      "requires": {
        "@ethersproject/abstract-provider": "^5.3.0",
        "@ethersproject/bignumber": "^5.3.0",
        "@ethersproject/bytes": "^5.3.0",
        "@ethersproject/logger": "^5.3.0",
        "@ethersproject/properties": "^5.3.0"
      }
    },
    "@ethersproject/address": {
      "version": "5.3.0",
      "resolved": "https://registry.npmjs.org/@ethersproject/address/-/address-5.3.0.tgz",
      "integrity": "sha512-29TgjzEBK+gUEUAOfWCG7s9IxLNLCqvr+oDSk6L9TXD0VLvZJKhJV479tKQqheVA81OeGxfpdxYtUVH8hqlCvA==",
      "requires": {
        "@ethersproject/bignumber": "^5.3.0",
        "@ethersproject/bytes": "^5.3.0",
        "@ethersproject/keccak256": "^5.3.0",
        "@ethersproject/logger": "^5.3.0",
        "@ethersproject/rlp": "^5.3.0"
      }
    },
    "@ethersproject/base64": {
      "version": "5.3.0",
      "resolved": "https://registry.npmjs.org/@ethersproject/base64/-/base64-5.3.0.tgz",
      "integrity": "sha512-JIqgtOmgKcbc2sjGWTXyXktqUhvFUDte8fPVsAaOrcPiJf6YotNF+nsrOYGC9pbHBEGSuSBp3QR0varkO8JHEw==",
      "requires": {
        "@ethersproject/bytes": "^5.3.0"
      }
    },
    "@ethersproject/basex": {
      "version": "5.3.0",
      "resolved": "https://registry.npmjs.org/@ethersproject/basex/-/basex-5.3.0.tgz",
      "integrity": "sha512-8J4nS6t/SOnoCgr3DF5WCSRLC5YwTKYpZWJqeyYQLX+86TwPhtzvHXacODzcDII9tWKhVg6g0Bka8JCBWXsCiQ==",
      "requires": {
        "@ethersproject/bytes": "^5.3.0",
        "@ethersproject/properties": "^5.3.0"
      }
    },
    "@ethersproject/bignumber": {
      "version": "5.3.0",
      "resolved": "https://registry.npmjs.org/@ethersproject/bignumber/-/bignumber-5.3.0.tgz",
      "integrity": "sha512-5xguJ+Q1/zRMgHgDCaqAexx/8DwDVLRemw2i6uR8KyGjwGdXI8f32QZZ1cKGucBN6ekJvpUpHy6XAuQnTv0mPA==",
      "requires": {
        "@ethersproject/bytes": "^5.3.0",
        "@ethersproject/logger": "^5.3.0",
        "bn.js": "^4.11.9"
      }
    },
    "@ethersproject/bytes": {
      "version": "5.3.0",
      "resolved": "https://registry.npmjs.org/@ethersproject/bytes/-/bytes-5.3.0.tgz",
      "integrity": "sha512-rqLJjdVqCcn7glPer7Fxh87PRqlnRScVAoxcIP3PmOUNApMWJ6yRdOFfo2KvPAdO7Le3yEI1o0YW+Yvr7XCYvw==",
      "requires": {
        "@ethersproject/logger": "^5.3.0"
      }
    },
    "@ethersproject/constants": {
      "version": "5.3.0",
      "resolved": "https://registry.npmjs.org/@ethersproject/constants/-/constants-5.3.0.tgz",
      "integrity": "sha512-4y1feNOwEpgjAfiCFWOHznvv6qUF/H6uI0UKp8xdhftb+H+FbKflXg1pOgH5qs4Sr7EYBL+zPyPb+YD5g1aEyw==",
      "requires": {
        "@ethersproject/bignumber": "^5.3.0"
      }
    },
    "@ethersproject/contracts": {
      "version": "5.3.0",
      "resolved": "https://registry.npmjs.org/@ethersproject/contracts/-/contracts-5.3.0.tgz",
      "integrity": "sha512-eDyQ8ltykvyQqnGZxb/c1e0OnEtzqXhNNC4BX8nhYBCaoBrYYuK/1fLmyEvc5+XUMoxNhwpYkoSSwvPLci7/Zg==",
      "requires": {
        "@ethersproject/abi": "^5.3.0",
        "@ethersproject/abstract-provider": "^5.3.0",
        "@ethersproject/abstract-signer": "^5.3.0",
        "@ethersproject/address": "^5.3.0",
        "@ethersproject/bignumber": "^5.3.0",
        "@ethersproject/bytes": "^5.3.0",
        "@ethersproject/constants": "^5.3.0",
        "@ethersproject/logger": "^5.3.0",
        "@ethersproject/properties": "^5.3.0",
        "@ethersproject/transactions": "^5.3.0"
      }
    },
    "@ethersproject/hash": {
      "version": "5.3.0",
      "resolved": "https://registry.npmjs.org/@ethersproject/hash/-/hash-5.3.0.tgz",
      "integrity": "sha512-gAFZSjUPQ32CIfoKSMtMEQ+IO0kQxqhwz9fCIFt2DtAq2u4pWt8mL9Z5P0r6KkLcQU8LE9FmuPPyd+JvBzmr1w==",
      "requires": {
        "@ethersproject/abstract-signer": "^5.3.0",
        "@ethersproject/address": "^5.3.0",
        "@ethersproject/bignumber": "^5.3.0",
        "@ethersproject/bytes": "^5.3.0",
        "@ethersproject/keccak256": "^5.3.0",
        "@ethersproject/logger": "^5.3.0",
        "@ethersproject/properties": "^5.3.0",
        "@ethersproject/strings": "^5.3.0"
      }
    },
    "@ethersproject/keccak256": {
      "version": "5.3.0",
      "resolved": "https://registry.npmjs.org/@ethersproject/keccak256/-/keccak256-5.3.0.tgz",
      "integrity": "sha512-Gv2YqgIUmRbYVNIibafT0qGaeGYLIA/EdWHJ7JcVxVSs2vyxafGxOJ5VpSBHWeOIsE6OOaCelYowhuuTicgdFQ==",
      "requires": {
        "@ethersproject/bytes": "^5.3.0",
        "js-sha3": "0.5.7"
      }
    },
    "@ethersproject/logger": {
      "version": "5.3.0",
      "resolved": "https://registry.npmjs.org/@ethersproject/logger/-/logger-5.3.0.tgz",
      "integrity": "sha512-8bwJ2gxJGkZZnpQSq5uSiZSJjyVTWmlGft4oH8vxHdvO1Asy4TwVepAhPgxIQIMxXZFUNMych1YjIV4oQ4I7dA=="
    },
    "@ethersproject/networks": {
      "version": "5.3.0",
      "resolved": "https://registry.npmjs.org/@ethersproject/networks/-/networks-5.3.0.tgz",
      "integrity": "sha512-XGbD9MMgqrR7SYz8o6xVgdG+25v7YT5vQG8ZdlcLj2I7elOBM7VNeQrnxfSN7rWQNcqu2z80OM29gGbQz+4Low==",
      "requires": {
        "@ethersproject/logger": "^5.3.0"
      }
    },
    "@ethersproject/properties": {
      "version": "5.3.0",
      "resolved": "https://registry.npmjs.org/@ethersproject/properties/-/properties-5.3.0.tgz",
      "integrity": "sha512-PaHxJyM5/bfusk6vr3yP//JMnm4UEojpzuWGTmtL5X4uNhNnFNvlYilZLyDr4I9cTkIbipCMsAuIcXWsmdRnEw==",
      "requires": {
        "@ethersproject/logger": "^5.3.0"
      }
    },
    "@ethersproject/providers": {
      "version": "5.3.0",
      "resolved": "https://registry.npmjs.org/@ethersproject/providers/-/providers-5.3.0.tgz",
      "integrity": "sha512-HtL+DEbzPcRyfrkrMay7Rk/4he+NbUpzI/wHXP4Cqtra82nQOnqqCgTQc4HbdDrl75WVxG/JRMFhyneIPIMZaA==",
      "requires": {
        "@ethersproject/abstract-provider": "^5.3.0",
        "@ethersproject/abstract-signer": "^5.3.0",
        "@ethersproject/address": "^5.3.0",
        "@ethersproject/basex": "^5.3.0",
        "@ethersproject/bignumber": "^5.3.0",
        "@ethersproject/bytes": "^5.3.0",
        "@ethersproject/constants": "^5.3.0",
        "@ethersproject/hash": "^5.3.0",
        "@ethersproject/logger": "^5.3.0",
        "@ethersproject/networks": "^5.3.0",
        "@ethersproject/properties": "^5.3.0",
        "@ethersproject/random": "^5.3.0",
        "@ethersproject/rlp": "^5.3.0",
        "@ethersproject/sha2": "^5.3.0",
        "@ethersproject/strings": "^5.3.0",
        "@ethersproject/transactions": "^5.3.0",
        "@ethersproject/web": "^5.3.0",
        "bech32": "1.1.4",
        "ws": "7.4.6"
      }
    },
    "@ethersproject/random": {
      "version": "5.3.0",
      "resolved": "https://registry.npmjs.org/@ethersproject/random/-/random-5.3.0.tgz",
      "integrity": "sha512-A5SL/4inutSwt3Fh2OD0x2gz+x6GHmuUnIPkR7zAiTidMD2N8F6tZdMF1hlQKWVCcVMWhEQg8mWijhEzm6BBYw==",
      "requires": {
        "@ethersproject/bytes": "^5.3.0",
        "@ethersproject/logger": "^5.3.0"
      }
    },
    "@ethersproject/rlp": {
      "version": "5.3.0",
      "resolved": "https://registry.npmjs.org/@ethersproject/rlp/-/rlp-5.3.0.tgz",
      "integrity": "sha512-oI0joYpsRanl9guDubaW+1NbcpK0vJ3F/6Wpcanzcnqq+oaW9O5E98liwkEDPcb16BUTLIJ+ZF8GPIHYxJ/5Pw==",
      "requires": {
        "@ethersproject/bytes": "^5.3.0",
        "@ethersproject/logger": "^5.3.0"
      }
    },
    "@ethersproject/sha2": {
      "version": "5.3.0",
      "resolved": "https://registry.npmjs.org/@ethersproject/sha2/-/sha2-5.3.0.tgz",
      "integrity": "sha512-r5ftlwKcocYEuFz2JbeKOT5SAsCV4m1RJDsTOEfQ5L67ZC7NFDK5i7maPdn1bx4nPhylF9VAwxSrQ1esmwzylg==",
      "requires": {
        "@ethersproject/bytes": "^5.3.0",
        "@ethersproject/logger": "^5.3.0",
        "hash.js": "1.1.7"
      }
    },
    "@ethersproject/signing-key": {
      "version": "5.3.0",
      "resolved": "https://registry.npmjs.org/@ethersproject/signing-key/-/signing-key-5.3.0.tgz",
      "integrity": "sha512-+DX/GwHAd0ok1bgedV1cKO0zfK7P/9aEyNoaYiRsGHpCecN7mhLqcdoUiUzE7Uz86LBsxm5ssK0qA1kBB47fbQ==",
      "requires": {
        "@ethersproject/bytes": "^5.3.0",
        "@ethersproject/logger": "^5.3.0",
        "@ethersproject/properties": "^5.3.0",
        "bn.js": "^4.11.9",
        "elliptic": "6.5.4",
        "hash.js": "1.1.7"
      }
    },
    "@ethersproject/solidity": {
      "version": "5.3.0",
      "resolved": "https://registry.npmjs.org/@ethersproject/solidity/-/solidity-5.3.0.tgz",
      "integrity": "sha512-uLRBaNUiISHbut94XKewJgQh6UmydWTBp71I7I21pkjVXfZO2dJ5EOo3jCnumJc01M4LOm79dlNNmF3oGIvweQ==",
      "requires": {
        "@ethersproject/bignumber": "^5.3.0",
        "@ethersproject/bytes": "^5.3.0",
        "@ethersproject/keccak256": "^5.3.0",
        "@ethersproject/sha2": "^5.3.0",
        "@ethersproject/strings": "^5.3.0"
      }
    },
    "@ethersproject/strings": {
      "version": "5.3.0",
      "resolved": "https://registry.npmjs.org/@ethersproject/strings/-/strings-5.3.0.tgz",
      "integrity": "sha512-j/AzIGZ503cvhuF2ldRSjB0BrKzpsBMtCieDtn4TYMMZMQ9zScJn9wLzTQl/bRNvJbBE6TOspK0r8/Ngae/f2Q==",
      "requires": {
        "@ethersproject/bytes": "^5.3.0",
        "@ethersproject/constants": "^5.3.0",
        "@ethersproject/logger": "^5.3.0"
      }
    },
    "@ethersproject/transactions": {
      "version": "5.3.0",
      "resolved": "https://registry.npmjs.org/@ethersproject/transactions/-/transactions-5.3.0.tgz",
      "integrity": "sha512-cdfK8VVyW2oEBCXhURG0WQ6AICL/r6Gmjh0e4Bvbv6MCn/GBd8FeBH3rtl7ho+AW50csMKeGv3m3K1HSHB2jMQ==",
      "requires": {
        "@ethersproject/address": "^5.3.0",
        "@ethersproject/bignumber": "^5.3.0",
        "@ethersproject/bytes": "^5.3.0",
        "@ethersproject/constants": "^5.3.0",
        "@ethersproject/keccak256": "^5.3.0",
        "@ethersproject/logger": "^5.3.0",
        "@ethersproject/properties": "^5.3.0",
        "@ethersproject/rlp": "^5.3.0",
        "@ethersproject/signing-key": "^5.3.0"
      }
    },
    "@ethersproject/web": {
      "version": "5.3.0",
      "resolved": "https://registry.npmjs.org/@ethersproject/web/-/web-5.3.0.tgz",
      "integrity": "sha512-Ni6/DHnY6k/TD41LEkv0RQDx4jqWz5e/RZvrSecsxGYycF+MFy2z++T/yGc2peRunLOTIFwEksgEGGlbwfYmhQ==",
      "requires": {
        "@ethersproject/base64": "^5.3.0",
        "@ethersproject/bytes": "^5.3.0",
        "@ethersproject/logger": "^5.3.0",
        "@ethersproject/properties": "^5.3.0",
        "@ethersproject/strings": "^5.3.0"
      }
    },
    "@sindresorhus/is": {
      "version": "4.0.1",
      "resolved": "https://registry.npmjs.org/@sindresorhus/is/-/is-4.0.1.tgz",
      "integrity": "sha512-Qm9hBEBu18wt1PO2flE7LPb30BHMQt1eQgbV76YntdNk73XZGpn3izvGTYxbGgzXKgbCjiia0uxTd3aTNQrY/g=="
    },
    "@szmarczak/http-timer": {
      "version": "4.0.5",
      "resolved": "https://registry.npmjs.org/@szmarczak/http-timer/-/http-timer-4.0.5.tgz",
      "integrity": "sha512-PyRA9sm1Yayuj5OIoJ1hGt2YISX45w9WcFbh6ddT0Z/0yaFxOtGLInr4jUfU1EAFVs0Yfyfev4RNwBlUaHdlDQ==",
      "requires": {
        "defer-to-connect": "^2.0.0"
      }
    },
    "@types/cacheable-request": {
      "version": "6.0.1",
      "resolved": "https://registry.npmjs.org/@types/cacheable-request/-/cacheable-request-6.0.1.tgz",
      "integrity": "sha512-ykFq2zmBGOCbpIXtoVbz4SKY5QriWPh3AjyU4G74RYbtt5yOc5OfaY75ftjg7mikMOla1CTGpX3lLbuJh8DTrQ==",
      "requires": {
        "@types/http-cache-semantics": "*",
        "@types/keyv": "*",
        "@types/node": "*",
        "@types/responselike": "*"
      }
    },
    "@types/http-cache-semantics": {
      "version": "4.0.0",
      "resolved": "https://registry.npmjs.org/@types/http-cache-semantics/-/http-cache-semantics-4.0.0.tgz",
      "integrity": "sha512-c3Xy026kOF7QOTn00hbIllV1dLR9hG9NkSrLQgCVs8NF6sBU+VGWjD3wLPhmh1TYAc7ugCFsvHYMN4VcBN1U1A=="
    },
    "@types/keyv": {
      "version": "3.1.1",
      "resolved": "https://registry.npmjs.org/@types/keyv/-/keyv-3.1.1.tgz",
      "integrity": "sha512-MPtoySlAZQ37VoLaPcTHCu1RWJ4llDkULYZIzOYxlhxBqYPB0RsRlmMU0R6tahtFe27mIdkHV+551ZWV4PLmVw==",
      "requires": {
        "@types/node": "*"
      }
    },
    "@types/luxon": {
      "version": "1.26.5",
      "resolved": "https://registry.npmjs.org/@types/luxon/-/luxon-1.26.5.tgz",
      "integrity": "sha512-XeQxxRMyJi1znfzHw4CGDLyup/raj84SnjjkI2fDootZPGlB0yqtvlvEIAmzHDa5wiEI5JJevZOWxpcofsaV+A=="
    },
    "@types/node": {
      "version": "14.17.0",
      "resolved": "https://registry.npmjs.org/@types/node/-/node-14.17.0.tgz",
      "integrity": "sha512-w8VZUN/f7SSbvVReb9SWp6cJFevxb4/nkG65yLAya//98WgocKm5PLDAtSs5CtJJJM+kHmJjO/6mmYW4MHShZA=="
    },
    "@types/responselike": {
      "version": "1.0.0",
      "resolved": "https://registry.npmjs.org/@types/responselike/-/responselike-1.0.0.tgz",
      "integrity": "sha512-85Y2BjiufFzaMIlvJDvTTB8Fxl2xfLo4HgmHzVBz08w4wDePCTjYw66PdrolO0kzli3yam/YCgRufyo1DdQVTA==",
      "requires": {
        "@types/node": "*"
      }
    },
    "@uniswap/sdk": {
      "version": "3.0.3",
      "resolved": "https://registry.npmjs.org/@uniswap/sdk/-/sdk-3.0.3.tgz",
      "integrity": "sha512-t4s8bvzaCFSiqD2qfXIm3rWhbdnXp+QjD3/mRaeVDHK7zWevs6RGEb1ohMiNgOCTZANvBayb4j8p+XFdnMBadQ==",
      "requires": {
        "@uniswap/v2-core": "^1.0.0",
        "big.js": "^5.2.2",
        "decimal.js-light": "^2.5.0",
        "jsbi": "^3.1.1",
        "tiny-invariant": "^1.1.0",
        "tiny-warning": "^1.0.3",
        "toformat": "^2.0.0"
      }
    },
    "@uniswap/v2-core": {
      "version": "1.0.1",
      "resolved": "https://registry.npmjs.org/@uniswap/v2-core/-/v2-core-1.0.1.tgz",
      "integrity": "sha512-MtybtkUPSyysqLY2U210NBDeCHX+ltHt3oADGdjqoThZaFRDKwM6k1Nb3F0A3hk5hwuQvytFWhrWHOEq6nVJ8Q=="
    },
    "ansi-styles": {
      "version": "4.3.0",
      "resolved": "https://registry.npmjs.org/ansi-styles/-/ansi-styles-4.3.0.tgz",
      "integrity": "sha512-zbB9rCJAT1rbjiVDb2hqKFHNYLxgtk8NURxZ3IZwD3F6NtxbXZQCnnSi1Lkx+IDohdPlFp222wVALIheZJQSEg==",
      "requires": {
        "color-convert": "^2.0.1"
      }
    },
    "bech32": {
      "version": "1.1.4",
      "resolved": "https://registry.npmjs.org/bech32/-/bech32-1.1.4.tgz",
      "integrity": "sha512-s0IrSOzLlbvX7yp4WBfPITzpAU8sqQcpsmwXDiKwrG4r491vwCO/XpejasRNl0piBMe/DvP4Tz0mIS/X1DPJBQ=="
    },
    "big.js": {
      "version": "5.2.2",
      "resolved": "https://registry.npmjs.org/big.js/-/big.js-5.2.2.tgz",
      "integrity": "sha512-vyL2OymJxmarO8gxMr0mhChsO9QGwhynfuu4+MHTAW6czfq9humCB7rKpUjDd9YUiDPU4mzpyupFSvOClAwbmQ=="
    },
    "bigdecimal": {
      "version": "0.6.1",
      "resolved": "https://registry.npmjs.org/bigdecimal/-/bigdecimal-0.6.1.tgz",
      "integrity": "sha1-GFiNS08ia3cxDtBFdIWMA2pUSFs="
    },
    "bn.js": {
      "version": "4.12.0",
      "resolved": "https://registry.npmjs.org/bn.js/-/bn.js-4.12.0.tgz",
      "integrity": "sha512-c98Bf3tPniI+scsdk237ku1Dc3ujXQTSgyiPUDEOe7tRkhrqridvh8klBv0HCEso1OLOYcHuCv/cS6DNxKH+ZA=="
    },
    "brorand": {
      "version": "1.1.0",
      "resolved": "https://registry.npmjs.org/brorand/-/brorand-1.1.0.tgz",
      "integrity": "sha1-EsJe/kCkXjwyPrhnWgoM5XsiNx8="
    },
    "cacheable-lookup": {
      "version": "5.0.4",
      "resolved": "https://registry.npmjs.org/cacheable-lookup/-/cacheable-lookup-5.0.4.tgz",
      "integrity": "sha512-2/kNscPhpcxrOigMZzbiWF7dz8ilhb/nIHU3EyZiXWXpeq/au8qJ8VhdftMkty3n7Gj6HIGalQG8oiBNB3AJgA=="
    },
    "cacheable-request": {
      "version": "7.0.1",
      "resolved": "https://registry.npmjs.org/cacheable-request/-/cacheable-request-7.0.1.tgz",
      "integrity": "sha512-lt0mJ6YAnsrBErpTMWeu5kl/tg9xMAWjavYTN6VQXM1A/teBITuNcccXsCxF0tDQQJf9DfAaX5O4e0zp0KlfZw==",
      "requires": {
        "clone-response": "^1.0.2",
        "get-stream": "^5.1.0",
        "http-cache-semantics": "^4.0.0",
        "keyv": "^4.0.0",
        "lowercase-keys": "^2.0.0",
        "normalize-url": "^4.1.0",
        "responselike": "^2.0.0"
      }
    },
    "chalk": {
      "version": "3.0.0",
      "resolved": "https://registry.npmjs.org/chalk/-/chalk-3.0.0.tgz",
      "integrity": "sha512-4D3B6Wf41KOYRFdszmDqMCGq5VV/uMAB273JILmO+3jAlh8X4qDtdtgCR3fxtbLEMzSx22QdhnDcJvu2u1fVwg==",
      "requires": {
        "ansi-styles": "^4.1.0",
        "supports-color": "^7.1.0"
      }
    },
    "clone-response": {
      "version": "1.0.2",
      "resolved": "https://registry.npmjs.org/clone-response/-/clone-response-1.0.2.tgz",
      "integrity": "sha1-0dyXOSAxTfZ/vrlCI7TuNQI56Ws=",
      "requires": {
        "mimic-response": "^1.0.0"
      }
    },
    "color-convert": {
      "version": "2.0.1",
      "resolved": "https://registry.npmjs.org/color-convert/-/color-convert-2.0.1.tgz",
      "integrity": "sha512-RRECPsj7iu/xb5oKYcsFHSppFNnsj/52OVTRKb4zP5onXwVF3zVmmToNcOfGC+CRDpfK/U584fMg38ZHCaElKQ==",
      "requires": {
        "color-name": "~1.1.4"
      }
    },
    "color-name": {
      "version": "1.1.4",
      "resolved": "https://registry.npmjs.org/color-name/-/color-name-1.1.4.tgz",
      "integrity": "sha512-dOy+3AuW3a2wNbZHIuMZpTcgjGuLU/uBL/ubcZF9OXbDo8ff4O8yVp5Bf0efS8uEoYo5q4Fx7dY9OgQGXgAsQA=="
    },
    "commander": {
      "version": "7.2.0",
      "resolved": "https://registry.npmjs.org/commander/-/commander-7.2.0.tgz",
      "integrity": "sha512-QrWXB+ZQSVPmIWIhtEO9H+gwHaMGYiF5ChvoJ+K9ZGHG/sVsa6yiesAD1GC/x46sET00Xlwo1u49RVVVzvcSkw=="
    },
    "decimal.js-light": {
      "version": "2.5.1",
      "resolved": "https://registry.npmjs.org/decimal.js-light/-/decimal.js-light-2.5.1.tgz",
      "integrity": "sha512-qIMFpTMZmny+MMIitAB6D7iVPEorVw6YQRWkvarTkT4tBeSLLiHzcwj6q0MmYSFCiVpiqPJTJEYIrpcPzVEIvg=="
    },
    "decompress-response": {
      "version": "6.0.0",
      "resolved": "https://registry.npmjs.org/decompress-response/-/decompress-response-6.0.0.tgz",
      "integrity": "sha512-aW35yZM6Bb/4oJlZncMH2LCoZtJXTRxES17vE3hoRiowU2kWHaJKFkSBDnDR+cm9J+9QhXmREyIfv0pji9ejCQ==",
      "requires": {
        "mimic-response": "^3.1.0"
      },
      "dependencies": {
        "mimic-response": {
          "version": "3.1.0",
          "resolved": "https://registry.npmjs.org/mimic-response/-/mimic-response-3.1.0.tgz",
          "integrity": "sha512-z0yWI+4FDrrweS8Zmt4Ej5HdJmky15+L2e6Wgn3+iK5fWzb6T3fhNFq2+MeTRb064c6Wr4N/wv0DzQTjNzHNGQ=="
        }
      }
    },
    "defer-to-connect": {
      "version": "2.0.1",
      "resolved": "https://registry.npmjs.org/defer-to-connect/-/defer-to-connect-2.0.1.tgz",
      "integrity": "sha512-4tvttepXG1VaYGrRibk5EwJd1t4udunSOVMdLSAL6mId1ix438oPwPZMALY41FCijukO1L0twNcGsdzS7dHgDg=="
    },
    "dotenv": {
      "version": "8.6.0",
      "resolved": "https://registry.npmjs.org/dotenv/-/dotenv-8.6.0.tgz",
      "integrity": "sha512-IrPdXQsk2BbzvCBGBOTmmSH5SodmqZNt4ERAZDmW4CT+tL8VtvinqywuANaFu4bOMWki16nqf0e4oC0QIaDr/g=="
    },
    "elliptic": {
      "version": "6.5.4",
      "resolved": "https://registry.npmjs.org/elliptic/-/elliptic-6.5.4.tgz",
      "integrity": "sha512-iLhC6ULemrljPZb+QutR5TQGB+pdW6KGD5RSegS+8sorOZT+rdQFbsQFJgvN3eRqNALqJer4oQ16YvJHlU8hzQ==",
      "requires": {
        "bn.js": "^4.11.9",
        "brorand": "^1.1.0",
        "hash.js": "^1.0.0",
        "hmac-drbg": "^1.0.1",
        "inherits": "^2.0.4",
        "minimalistic-assert": "^1.0.1",
        "minimalistic-crypto-utils": "^1.0.1"
      }
    },
    "end-of-stream": {
      "version": "1.4.4",
      "resolved": "https://registry.npmjs.org/end-of-stream/-/end-of-stream-1.4.4.tgz",
      "integrity": "sha512-+uw1inIHVPQoaVuHzRyXd21icM+cnt4CzD5rW+NC1wjOUSTOs+Te7FOv7AhN7vS9x/oIyhLP5PR1H+phQAHu5Q==",
      "requires": {
        "once": "^1.4.0"
      }
    },
    "esm": {
      "version": "3.2.25",
      "resolved": "https://registry.npmjs.org/esm/-/esm-3.2.25.tgz",
      "integrity": "sha512-U1suiZ2oDVWv4zPO56S0NcR5QriEahGtdN2OR6FiOG4WJvcjBVFB0qI4+eKoWFH483PKGuLuu6V8Z4T5g63UVA=="
    },
    "get-stream": {
      "version": "5.2.0",
      "resolved": "https://registry.npmjs.org/get-stream/-/get-stream-5.2.0.tgz",
      "integrity": "sha512-nBF+F1rAZVCu/p7rjzgA+Yb4lfYXrpl7a6VmJrU8wF9I1CKvP/QwPNZHnOlwbTkY6dvtFIzFMSyQXbLoTQPRpA==",
      "requires": {
        "pump": "^3.0.0"
      }
    },
    "got": {
      "version": "11.8.2",
      "resolved": "https://registry.npmjs.org/got/-/got-11.8.2.tgz",
      "integrity": "sha512-D0QywKgIe30ODs+fm8wMZiAcZjypcCodPNuMz5H9Mny7RJ+IjJ10BdmGW7OM7fHXP+O7r6ZwapQ/YQmMSvB0UQ==",
      "requires": {
        "@sindresorhus/is": "^4.0.0",
        "@szmarczak/http-timer": "^4.0.5",
        "@types/cacheable-request": "^6.0.1",
        "@types/responselike": "^1.0.0",
        "cacheable-lookup": "^5.0.3",
        "cacheable-request": "^7.0.1",
        "decompress-response": "^6.0.0",
        "http2-wrapper": "^1.0.0-beta.5.2",
        "lowercase-keys": "^2.0.0",
        "p-cancelable": "^2.0.0",
        "responselike": "^2.0.0"
      }
    },
    "has-flag": {
      "version": "4.0.0",
      "resolved": "https://registry.npmjs.org/has-flag/-/has-flag-4.0.0.tgz",
      "integrity": "sha512-EykJT/Q1KjTWctppgIAgfSO0tKVuZUjhgMr17kqTumMl6Afv3EISleU7qZUzoXDFTAHTDC4NOoG/ZxU3EvlMPQ=="
    },
    "hash.js": {
      "version": "1.1.7",
      "resolved": "https://registry.npmjs.org/hash.js/-/hash.js-1.1.7.tgz",
      "integrity": "sha512-taOaskGt4z4SOANNseOviYDvjEJinIkRgmp7LbKP2YTTmVxWBl87s/uzK9r+44BclBSp2X7K1hqeNfz9JbBeXA==",
      "requires": {
        "inherits": "^2.0.3",
        "minimalistic-assert": "^1.0.1"
      }
    },
    "hmac-drbg": {
      "version": "1.0.1",
      "resolved": "https://registry.npmjs.org/hmac-drbg/-/hmac-drbg-1.0.1.tgz",
      "integrity": "sha1-0nRXAQJabHdabFRXk+1QL8DGSaE=",
      "requires": {
        "hash.js": "^1.0.3",
        "minimalistic-assert": "^1.0.0",
        "minimalistic-crypto-utils": "^1.0.1"
      }
    },
    "http-cache-semantics": {
      "version": "4.1.0",
      "resolved": "https://registry.npmjs.org/http-cache-semantics/-/http-cache-semantics-4.1.0.tgz",
      "integrity": "sha512-carPklcUh7ROWRK7Cv27RPtdhYhUsela/ue5/jKzjegVvXDqM2ILE9Q2BGn9JZJh1g87cp56su/FgQSzcWS8cQ=="
    },
    "http2-wrapper": {
      "version": "1.0.3",
      "resolved": "https://registry.npmjs.org/http2-wrapper/-/http2-wrapper-1.0.3.tgz",
      "integrity": "sha512-V+23sDMr12Wnz7iTcDeJr3O6AIxlnvT/bmaAAAP/Xda35C90p9599p0F1eHR/N1KILWSoWVAiOMFjBBXaXSMxg==",
      "requires": {
        "quick-lru": "^5.1.1",
        "resolve-alpn": "^1.0.0"
      }
    },
    "inherits": {
      "version": "2.0.4",
      "resolved": "https://registry.npmjs.org/inherits/-/inherits-2.0.4.tgz",
      "integrity": "sha512-k/vGaX4/Yla3WzyMCvTQOXYeIHvqOKtnqBduzTHpzpQZzAskKMhZ2K+EnBiSM9zGSoIFeMpXKxa4dYeZIQqewQ=="
    },
    "js-sha3": {
      "version": "0.5.7",
      "resolved": "https://registry.npmjs.org/js-sha3/-/js-sha3-0.5.7.tgz",
      "integrity": "sha1-DU/9gALVMzqrr0oj7tL2N0yfKOc="
    },
    "jsbi": {
      "version": "3.1.4",
      "resolved": "https://registry.npmjs.org/jsbi/-/jsbi-3.1.4.tgz",
      "integrity": "sha512-52QRRFSsi9impURE8ZUbzAMCLjPm4THO7H2fcuIvaaeFTbSysvkodbQQXIVsNgq/ypDbq6dJiuGKL0vZ/i9hUg=="
    },
    "json-buffer": {
      "version": "3.0.1",
      "resolved": "https://registry.npmjs.org/json-buffer/-/json-buffer-3.0.1.tgz",
      "integrity": "sha512-4bV5BfR2mqfQTJm+V5tPPdf+ZpuhiIvTuAB5g8kcrXOZpTT/QwwVRWBywX1ozr6lEuPdbHxwaJlm9G6mI2sfSQ=="
    },
    "keyv": {
      "version": "4.0.3",
      "resolved": "https://registry.npmjs.org/keyv/-/keyv-4.0.3.tgz",
      "integrity": "sha512-zdGa2TOpSZPq5mU6iowDARnMBZgtCqJ11dJROFi6tg6kTn4nuUdU09lFyLFSaHrWqpIJ+EBq4E8/Dc0Vx5vLdA==",
      "requires": {
        "json-buffer": "3.0.1"
      }
    },
    "lodash": {
      "version": "4.17.21",
      "resolved": "https://registry.npmjs.org/lodash/-/lodash-4.17.21.tgz",
      "integrity": "sha512-v2kDEe57lecTulaDIuNTPy3Ry4gLGJ6Z1O3vE1krgXZNrsQ+LFTGHVxVjcXPs17LhbZVGedAJv8XZ1tvj5FvSg=="
    },
    "loglevel": {
      "version": "1.7.1",
      "resolved": "https://registry.npmjs.org/loglevel/-/loglevel-1.7.1.tgz",
      "integrity": "sha512-Hesni4s5UkWkwCGJMQGAh71PaLUmKFM60dHvq0zi/vDhhrzuk+4GgNbTXJ12YYQJn6ZKBDNIjYcuQGKudvqrIw=="
    },
    "loglevel-plugin-prefix": {
      "version": "0.8.4",
      "resolved": "https://registry.npmjs.org/loglevel-plugin-prefix/-/loglevel-plugin-prefix-0.8.4.tgz",
      "integrity": "sha512-WpG9CcFAOjz/FtNht+QJeGpvVl/cdR6P0z6OcXSkr8wFJOsV2GRj2j10JLfjuA4aYkcKCNIEqRGCyTife9R8/g=="
    },
    "lowercase-keys": {
      "version": "2.0.0",
      "resolved": "https://registry.npmjs.org/lowercase-keys/-/lowercase-keys-2.0.0.tgz",
      "integrity": "sha512-tqNXrS78oMOE73NMxK4EMLQsQowWf8jKooH9g7xPavRT706R6bkQJ6DY2Te7QukaZsulxa30wQ7bk0pm4XiHmA=="
    },
    "luxon": {
      "version": "1.27.0",
      "resolved": "https://registry.npmjs.org/luxon/-/luxon-1.27.0.tgz",
      "integrity": "sha512-VKsFsPggTA0DvnxtJdiExAucKdAnwbCCNlMM5ENvHlxubqWd0xhZcdb4XgZ7QFNhaRhilXCFxHuoObP5BNA4PA=="
    },
    "mimic-response": {
      "version": "1.0.1",
      "resolved": "https://registry.npmjs.org/mimic-response/-/mimic-response-1.0.1.tgz",
      "integrity": "sha512-j5EctnkH7amfV/q5Hgmoal1g2QHFJRraOtmx0JpIqkxhBhI/lJSl1nMpQ45hVarwNETOoWEimndZ4QK0RHxuxQ=="
    },
    "minimalistic-assert": {
      "version": "1.0.1",
      "resolved": "https://registry.npmjs.org/minimalistic-assert/-/minimalistic-assert-1.0.1.tgz",
      "integrity": "sha512-UtJcAD4yEaGtjPezWuO9wC4nwUnVH/8/Im3yEHQP4b67cXlD/Qr9hdITCU1xDbSEXg2XKNaP8jsReV7vQd00/A=="
    },
    "minimalistic-crypto-utils": {
      "version": "1.0.1",
      "resolved": "https://registry.npmjs.org/minimalistic-crypto-utils/-/minimalistic-crypto-utils-1.0.1.tgz",
      "integrity": "sha1-9sAMHAsIIkblxNmd+4x8CDsrWCo="
    },
    "normalize-url": {
      "version": "4.5.0",
      "resolved": "https://registry.npmjs.org/normalize-url/-/normalize-url-4.5.0.tgz",
      "integrity": "sha512-2s47yzUxdexf1OhyRi4Em83iQk0aPvwTddtFz4hnSSw9dCEsLEGf6SwIO8ss/19S9iBb5sJaOuTvTGDeZI00BQ=="
    },
    "once": {
      "version": "1.4.0",
      "resolved": "https://registry.npmjs.org/once/-/once-1.4.0.tgz",
      "integrity": "sha1-WDsap3WWHUsROsF9nFC6753Xa9E=",
      "requires": {
        "wrappy": "1"
      }
    },
    "p-cancelable": {
      "version": "2.1.1",
      "resolved": "https://registry.npmjs.org/p-cancelable/-/p-cancelable-2.1.1.tgz",
      "integrity": "sha512-BZOr3nRQHOntUjTrH8+Lh54smKHoHyur8We1V8DSMVrl5A2malOOwuJRnKRDjSnkoeBh4at6BwEnb5I7Jl31wg=="
    },
    "pump": {
      "version": "3.0.0",
      "resolved": "https://registry.npmjs.org/pump/-/pump-3.0.0.tgz",
      "integrity": "sha512-LwZy+p3SFs1Pytd/jYct4wpv49HiYCqd9Rlc5ZVdk0V+8Yzv6jR5Blk3TRmPL1ft69TxP0IMZGJ+WPFU2BFhww==",
      "requires": {
        "end-of-stream": "^1.1.0",
        "once": "^1.3.1"
      }
    },
    "quick-lru": {
      "version": "5.1.1",
      "resolved": "https://registry.npmjs.org/quick-lru/-/quick-lru-5.1.1.tgz",
      "integrity": "sha512-WuyALRjWPDGtt/wzJiadO5AXY+8hZ80hVpe6MyivgraREW751X3SbhRvG3eLKOYN+8VEvqLcf3wdnt44Z4S4SA=="
    },
    "resolve-alpn": {
      "version": "1.1.2",
      "resolved": "https://registry.npmjs.org/resolve-alpn/-/resolve-alpn-1.1.2.tgz",
      "integrity": "sha512-8OyfzhAtA32LVUsJSke3auIyINcwdh5l3cvYKdKO0nvsYSKuiLfTM5i78PJswFPT8y6cPW+L1v6/hE95chcpDA=="
    },
    "responselike": {
      "version": "2.0.0",
      "resolved": "https://registry.npmjs.org/responselike/-/responselike-2.0.0.tgz",
      "integrity": "sha512-xH48u3FTB9VsZw7R+vvgaKeLKzT6jOogbQhEe/jewwnZgzPcnyWui2Av6JpoYZF/91uueC+lqhWqeURw5/qhCw==",
      "requires": {
        "lowercase-keys": "^2.0.0"
      }
    },
    "supports-color": {
      "version": "7.2.0",
      "resolved": "https://registry.npmjs.org/supports-color/-/supports-color-7.2.0.tgz",
      "integrity": "sha512-qpCAvRl9stuOHveKsn7HncJRvv501qIacKzQlO/+Lwxc9+0q2wLyv4Dfvt80/DPn2pqOBsJdDiogXGR9+OvwRw==",
      "requires": {
        "has-flag": "^4.0.0"
      }
    },
    "tiny-invariant": {
      "version": "1.1.0",
      "resolved": "https://registry.npmjs.org/tiny-invariant/-/tiny-invariant-1.1.0.tgz",
      "integrity": "sha512-ytxQvrb1cPc9WBEI/HSeYYoGD0kWnGEOR8RY6KomWLBVhqz0RgTwVO9dLrGz7dC+nN9llyI7OKAgRq8Vq4ZBSw=="
    },
    "tiny-warning": {
      "version": "1.0.3",
      "resolved": "https://registry.npmjs.org/tiny-warning/-/tiny-warning-1.0.3.tgz",
      "integrity": "sha512-lBN9zLN/oAf68o3zNXYrdCt1kP8WsiGW8Oo2ka41b2IM5JL/S1CTyX1rW0mb/zSuJun0ZUrDxx4sqvYS2FWzPA=="
    },
    "toformat": {
      "version": "2.0.0",
      "resolved": "https://registry.npmjs.org/toformat/-/toformat-2.0.0.tgz",
      "integrity": "sha512-03SWBVop6nU8bpyZCx7SodpYznbZF5R4ljwNLBcTQzKOD9xuihRo/psX58llS1BMFhhAI08H3luot5GoXJz2pQ=="
    },
    "typescript": {
      "version": "3.9.9",
      "resolved": "https://registry.npmjs.org/typescript/-/typescript-3.9.9.tgz",
      "integrity": "sha512-kdMjTiekY+z/ubJCATUPlRDl39vXYiMV9iyeMuEuXZh2we6zz80uovNN2WlAxmmdE/Z/YQe+EbOEXB5RHEED3w==",
      "dev": true
    },
    "wrappy": {
      "version": "1.0.2",
      "resolved": "https://registry.npmjs.org/wrappy/-/wrappy-1.0.2.tgz",
      "integrity": "sha1-tSQ9jz7BqjXxNkYFvA0QNuMKtp8="
    },
    "ws": {
      "version": "7.4.6",
      "resolved": "https://registry.npmjs.org/ws/-/ws-7.4.6.tgz",
      "integrity": "sha512-YmhHDO4MzaDLB+M9ym/mDA5z0naX8j7SIlT8f8z+I0VtzsRbekxEutHSme7NPS2qE8StCYQNUnfWdXta/Yu85A=="
    }
  }
}
